
Microsoft Visual Studio Solution File, Format Version 12.00
# Visual Studio Version 16
VisualStudioVersion = 16.0.29613.14
MinimumVisualStudioVersion = 10.0.40219.1
Project("{9A19103F-16F7-4668-BE54-9A1E7A4F7556}") = "Budgee.DailyBudgets.Domain", "Budgee.Domain\Budgee.DailyBudgets.Domain.csproj", "{317F17AF-6689-450C-A6F2-67BCCF254230}"
EndProject
Project("{9A19103F-16F7-4668-BE54-9A1E7A4F7556}") = "Budgee.Tests", "Budgee.Tests\Budgee.Tests.csproj", "{F3E1DE30-3810-4F37-8866-BAE8B938A7E0}"
EndProject
Project("{9A19103F-16F7-4668-BE54-9A1E7A4F7556}") = "Budgee.Framework", "Budgee.Framework\Budgee.Framework.csproj", "{158AC9DB-C1F6-42FE-85F5-51A76CCEF4E0}"
EndProject
Project("{9A19103F-16F7-4668-BE54-9A1E7A4F7556}") = "Budgee.DailyBudgets", "Budgee\Budgee.DailyBudgets.csproj", "{CE5BC0FC-57F1-444F-902A-628580A62CD6}"
EndProject
Project("{9A19103F-16F7-4668-BE54-9A1E7A4F7556}") = "Budgee.Web", "Budgee.Web\Budgee.Web.csproj", "{58A67DD4-DB99-4DF9-9924-21A22A7778C5}"
EndProject
Project("{FAE04EC0-301F-11D3-BF4B-00C04F79EFBC}") = "Budgee.DailyBudgets.Messages", "Budgee.DailyBudgets.Message\Budgee.DailyBudgets.Messages.csproj", "{56457923-9326-4D60-99F8-A900F164D3DB}"
EndProject
Global
	GlobalSection(SolutionConfigurationPlatforms) = preSolution
		Debug|Any CPU = Debug|Any CPU
		Debug|iPhone = Debug|iPhone
		Debug|iPhoneSimulator = Debug|iPhoneSimulator
		Release|Any CPU = Release|Any CPU
		Release|iPhone = Release|iPhone
		Release|iPhoneSimulator = Release|iPhoneSimulator
	EndGlobalSection
	GlobalSection(ProjectConfigurationPlatforms) = postSolution
		{317F17AF-6689-450C-A6F2-67BCCF254230}.Debug|Any CPU.ActiveCfg = Debug|Any CPU
		{317F17AF-6689-450C-A6F2-67BCCF254230}.Debug|Any CPU.Build.0 = Debug|Any CPU
		{317F17AF-6689-450C-A6F2-67BCCF254230}.Debug|iPhone.ActiveCfg = Debug|Any CPU
		{317F17AF-6689-450C-A6F2-67BCCF254230}.Debug|iPhone.Build.0 = Debug|Any CPU
		{317F17AF-6689-450C-A6F2-67BCCF254230}.Debug|iPhoneSimulator.ActiveCfg = Debug|Any CPU
		{317F17AF-6689-450C-A6F2-67BCCF254230}.Debug|iPhoneSimulator.Build.0 = Debug|Any CPU
		{317F17AF-6689-450C-A6F2-67BCCF254230}.Release|Any CPU.ActiveCfg = Release|Any CPU
		{317F17AF-6689-450C-A6F2-67BCCF254230}.Release|Any CPU.Build.0 = Release|Any CPU
		{317F17AF-6689-450C-A6F2-67BCCF254230}.Release|iPhone.ActiveCfg = Release|Any CPU
		{317F17AF-6689-450C-A6F2-67BCCF254230}.Release|iPhone.Build.0 = Release|Any CPU
		{317F17AF-6689-450C-A6F2-67BCCF254230}.Release|iPhoneSimulator.ActiveCfg = Release|Any CPU
		{317F17AF-6689-450C-A6F2-67BCCF254230}.Release|iPhoneSimulator.Build.0 = Release|Any CPU
		{F3E1DE30-3810-4F37-8866-BAE8B938A7E0}.Debug|Any CPU.ActiveCfg = Debug|Any CPU
		{F3E1DE30-3810-4F37-8866-BAE8B938A7E0}.Debug|Any CPU.Build.0 = Debug|Any CPU
		{F3E1DE30-3810-4F37-8866-BAE8B938A7E0}.Debug|iPhone.ActiveCfg = Debug|Any CPU
		{F3E1DE30-3810-4F37-8866-BAE8B938A7E0}.Debug|iPhone.Build.0 = Debug|Any CPU
		{F3E1DE30-3810-4F37-8866-BAE8B938A7E0}.Debug|iPhoneSimulator.ActiveCfg = Debug|Any CPU
		{F3E1DE30-3810-4F37-8866-BAE8B938A7E0}.Debug|iPhoneSimulator.Build.0 = Debug|Any CPU
		{F3E1DE30-3810-4F37-8866-BAE8B938A7E0}.Release|Any CPU.ActiveCfg = Release|Any CPU
		{F3E1DE30-3810-4F37-8866-BAE8B938A7E0}.Release|Any CPU.Build.0 = Release|Any CPU
		{F3E1DE30-3810-4F37-8866-BAE8B938A7E0}.Release|iPhone.ActiveCfg = Release|Any CPU
		{F3E1DE30-3810-4F37-8866-BAE8B938A7E0}.Release|iPhone.Build.0 = Release|Any CPU
		{F3E1DE30-3810-4F37-8866-BAE8B938A7E0}.Release|iPhoneSimulator.ActiveCfg = Release|Any CPU
		{F3E1DE30-3810-4F37-8866-BAE8B938A7E0}.Release|iPhoneSimulator.Build.0 = Release|Any CPU
		{158AC9DB-C1F6-42FE-85F5-51A76CCEF4E0}.Debug|Any CPU.ActiveCfg = Debug|Any CPU
		{158AC9DB-C1F6-42FE-85F5-51A76CCEF4E0}.Debug|Any CPU.Build.0 = Debug|Any CPU
		{158AC9DB-C1F6-42FE-85F5-51A76CCEF4E0}.Debug|iPhone.ActiveCfg = Debug|Any CPU
		{158AC9DB-C1F6-42FE-85F5-51A76CCEF4E0}.Debug|iPhone.Build.0 = Debug|Any CPU
		{158AC9DB-C1F6-42FE-85F5-51A76CCEF4E0}.Debug|iPhoneSimulator.ActiveCfg = Debug|Any CPU
		{158AC9DB-C1F6-42FE-85F5-51A76CCEF4E0}.Debug|iPhoneSimulator.Build.0 = Debug|Any CPU
		{158AC9DB-C1F6-42FE-85F5-51A76CCEF4E0}.Release|Any CPU.ActiveCfg = Release|Any CPU
		{158AC9DB-C1F6-42FE-85F5-51A76CCEF4E0}.Release|Any CPU.Build.0 = Release|Any CPU
		{158AC9DB-C1F6-42FE-85F5-51A76CCEF4E0}.Release|iPhone.ActiveCfg = Release|Any CPU
		{158AC9DB-C1F6-42FE-85F5-51A76CCEF4E0}.Release|iPhone.Build.0 = Release|Any CPU
		{158AC9DB-C1F6-42FE-85F5-51A76CCEF4E0}.Release|iPhoneSimulator.ActiveCfg = Release|Any CPU
		{158AC9DB-C1F6-42FE-85F5-51A76CCEF4E0}.Release|iPhoneSimulator.Build.0 = Release|Any CPU
		{CE5BC0FC-57F1-444F-902A-628580A62CD6}.Debug|Any CPU.ActiveCfg = Debug|Any CPU
		{CE5BC0FC-57F1-444F-902A-628580A62CD6}.Debug|Any CPU.Build.0 = Debug|Any CPU
		{CE5BC0FC-57F1-444F-902A-628580A62CD6}.Debug|iPhone.ActiveCfg = Debug|Any CPU
		{CE5BC0FC-57F1-444F-902A-628580A62CD6}.Debug|iPhone.Build.0 = Debug|Any CPU
		{CE5BC0FC-57F1-444F-902A-628580A62CD6}.Debug|iPhoneSimulator.ActiveCfg = Debug|Any CPU
		{CE5BC0FC-57F1-444F-902A-628580A62CD6}.Debug|iPhoneSimulator.Build.0 = Debug|Any CPU
		{CE5BC0FC-57F1-444F-902A-628580A62CD6}.Release|Any CPU.ActiveCfg = Release|Any CPU
		{CE5BC0FC-57F1-444F-902A-628580A62CD6}.Release|Any CPU.Build.0 = Release|Any CPU
		{CE5BC0FC-57F1-444F-902A-628580A62CD6}.Release|iPhone.ActiveCfg = Release|Any CPU
		{CE5BC0FC-57F1-444F-902A-628580A62CD6}.Release|iPhone.Build.0 = Release|Any CPU
		{CE5BC0FC-57F1-444F-902A-628580A62CD6}.Release|iPhoneSimulator.ActiveCfg = Release|Any CPU
		{CE5BC0FC-57F1-444F-902A-628580A62CD6}.Release|iPhoneSimulator.Build.0 = Release|Any CPU
		{58A67DD4-DB99-4DF9-9924-21A22A7778C5}.Debug|Any CPU.ActiveCfg = Debug|Any CPU
		{58A67DD4-DB99-4DF9-9924-21A22A7778C5}.Debug|Any CPU.Build.0 = Debug|Any CPU
		{58A67DD4-DB99-4DF9-9924-21A22A7778C5}.Debug|iPhone.ActiveCfg = Debug|Any CPU
		{58A67DD4-DB99-4DF9-9924-21A22A7778C5}.Debug|iPhone.Build.0 = Debug|Any CPU
		{58A67DD4-DB99-4DF9-9924-21A22A7778C5}.Debug|iPhoneSimulator.ActiveCfg = Debug|Any CPU
		{58A67DD4-DB99-4DF9-9924-21A22A7778C5}.Debug|iPhoneSimulator.Build.0 = Debug|Any CPU
		{58A67DD4-DB99-4DF9-9924-21A22A7778C5}.Release|Any CPU.ActiveCfg = Release|Any CPU
		{58A67DD4-DB99-4DF9-9924-21A22A7778C5}.Release|Any CPU.Build.0 = Release|Any CPU
		{58A67DD4-DB99-4DF9-9924-21A22A7778C5}.Release|iPhone.ActiveCfg = Release|Any CPU
		{58A67DD4-DB99-4DF9-9924-21A22A7778C5}.Release|iPhone.Build.0 = Release|Any CPU
		{58A67DD4-DB99-4DF9-9924-21A22A7778C5}.Release|iPhoneSimulator.ActiveCfg = Release|Any CPU
		{58A67DD4-DB99-4DF9-9924-21A22A7778C5}.Release|iPhoneSimulator.Build.0 = Release|Any CPU
		{56457923-9326-4D60-99F8-A900F164D3DB}.Debug|Any CPU.ActiveCfg = Debug|Any CPU
		{56457923-9326-4D60-99F8-A900F164D3DB}.Debug|Any CPU.Build.0 = Debug|Any CPU
		{56457923-9326-4D60-99F8-A900F164D3DB}.Debug|iPhone.ActiveCfg = Debug|Any CPU
		{56457923-9326-4D60-99F8-A900F164D3DB}.Debug|iPhone.Build.0 = Debug|Any CPU
		{56457923-9326-4D60-99F8-A900F164D3DB}.Debug|iPhoneSimulator.ActiveCfg = Debug|Any CPU
		{56457923-9326-4D60-99F8-A900F164D3DB}.Debug|iPhoneSimulator.Build.0 = Debug|Any CPU
		{56457923-9326-4D60-99F8-A900F164D3DB}.Release|Any CPU.ActiveCfg = Release|Any CPU
		{56457923-9326-4D60-99F8-A900F164D3DB}.Release|Any CPU.Build.0 = Release|Any CPU
		{56457923-9326-4D60-99F8-A900F164D3DB}.Release|iPhone.ActiveCfg = Release|Any CPU
		{56457923-9326-4D60-99F8-A900F164D3DB}.Release|iPhone.Build.0 = Release|Any CPU
		{56457923-9326-4D60-99F8-A900F164D3DB}.Release|iPhoneSimulator.ActiveCfg = Release|Any CPU
		{56457923-9326-4D60-99F8-A900F164D3DB}.Release|iPhoneSimulator.Build.0 = Release|Any CPU
	EndGlobalSection
	GlobalSection(SolutionProperties) = preSolution
		HideSolutionNode = FALSE
	EndGlobalSection
	GlobalSection(ExtensibilityGlobals) = postSolution
		SolutionGuid = {68FE33A8-FFCB-406F-A1F4-A4D83C0765D9}
	EndGlobalSection
EndGlobal
